
Microsoft Visual Studio Solution File, Format Version 12.00
# Visual Studio 14
VisualStudioVersion = 14.0.25420.1
MinimumVisualStudioVersion = 10.0.40219.1
Project("{FAE04EC0-301F-11D3-BF4B-00C04F79EFBC}") = "CSharp_Practice_GUI", "CSharp_Practice_GUI\CSharp_Practice_GUI.csproj", "{338AC108-D99F-4571-A33F-27A9F80EC2EB}"
EndProject
Project("{FAE04EC0-301F-11D3-BF4B-00C04F79EFBC}") = "Kolokvij_Matrica", "Kolokvij_Matrica\Kolokvij_Matrica.csproj", "{096F8EF4-EB5E-4040-B7D3-2101832DBF02}"
EndProject
Project("{FAE04EC0-301F-11D3-BF4B-00C04F79EFBC}") = "RSS_reader_MEV", "RSS_reader_MEV\RSS_reader_MEV.csproj", "{F7F6F898-CA3D-42B4-A970-66AD0D06B3FE}"
EndProject
Project("{FAE04EC0-301F-11D3-BF4B-00C04F79EFBC}") = "Regex_Query_Tool", "Regex_Query_Tool\Regex_Query_Tool.csproj", "{ADA2B52C-81FE-4289-8F83-FACA5DC8B69F}"
EndProject
Project("{FAE04EC0-301F-11D3-BF4B-00C04F79EFBC}") = "Site_Checker", "Site_Checker\Site_Checker.csproj", "{6D4E4380-C91F-4CEF-84B5-A425F5572F55}"
EndProject
Project("{FAE04EC0-301F-11D3-BF4B-00C04F79EFBC}") = "Set_Desktop_Background", "Set_Desktop_Background\Set_Desktop_Background.csproj", "{9F6F83C2-8279-441C-B08B-80373D9F2E00}"
EndProject
Project("{FAE04EC0-301F-11D3-BF4B-00C04F79EFBC}") = "Notepad+++", "Notepad+++\Notepad+++.csproj", "{C151C55E-1C1C-4C82-8973-9AA395205921}"
EndProject
Project("{FAE04EC0-301F-11D3-BF4B-00C04F79EFBC}") = "ProductInventoryProject", "ProductInventoryProject\ProductInventoryProject.csproj", "{D7100643-D970-4DE7-97D8-F78DBA95952A}"
EndProject
Project("{FAE04EC0-301F-11D3-BF4B-00C04F79EFBC}") = "Bank_Account_Manager", "Bank_Account_Manager\Bank_Account_Manager.csproj", "{4A81ABC0-55CA-46FB-8F22-7452253ED864}"
EndProject
Global
	GlobalSection(SolutionConfigurationPlatforms) = preSolution
		Debug|Any CPU = Debug|Any CPU
		Release|Any CPU = Release|Any CPU
	EndGlobalSection
	GlobalSection(ProjectConfigurationPlatforms) = postSolution
		{338AC108-D99F-4571-A33F-27A9F80EC2EB}.Debug|Any CPU.ActiveCfg = Debug|Any CPU
		{338AC108-D99F-4571-A33F-27A9F80EC2EB}.Debug|Any CPU.Build.0 = Debug|Any CPU
		{338AC108-D99F-4571-A33F-27A9F80EC2EB}.Release|Any CPU.ActiveCfg = Release|Any CPU
		{338AC108-D99F-4571-A33F-27A9F80EC2EB}.Release|Any CPU.Build.0 = Release|Any CPU
		{096F8EF4-EB5E-4040-B7D3-2101832DBF02}.Debug|Any CPU.ActiveCfg = Debug|Any CPU
		{096F8EF4-EB5E-4040-B7D3-2101832DBF02}.Debug|Any CPU.Build.0 = Debug|Any CPU
		{096F8EF4-EB5E-4040-B7D3-2101832DBF02}.Release|Any CPU.ActiveCfg = Release|Any CPU
		{096F8EF4-EB5E-4040-B7D3-2101832DBF02}.Release|Any CPU.Build.0 = Release|Any CPU
		{F7F6F898-CA3D-42B4-A970-66AD0D06B3FE}.Debug|Any CPU.ActiveCfg = Debug|Any CPU
		{F7F6F898-CA3D-42B4-A970-66AD0D06B3FE}.Debug|Any CPU.Build.0 = Debug|Any CPU
		{F7F6F898-CA3D-42B4-A970-66AD0D06B3FE}.Release|Any CPU.ActiveCfg = Release|Any CPU
		{F7F6F898-CA3D-42B4-A970-66AD0D06B3FE}.Release|Any CPU.Build.0 = Release|Any CPU
		{ADA2B52C-81FE-4289-8F83-FACA5DC8B69F}.Debug|Any CPU.ActiveCfg = Debug|Any CPU
		{ADA2B52C-81FE-4289-8F83-FACA5DC8B69F}.Debug|Any CPU.Build.0 = Debug|Any CPU
		{ADA2B52C-81FE-4289-8F83-FACA5DC8B69F}.Release|Any CPU.ActiveCfg = Release|Any CPU
		{ADA2B52C-81FE-4289-8F83-FACA5DC8B69F}.Release|Any CPU.Build.0 = Release|Any CPU
		{6D4E4380-C91F-4CEF-84B5-A425F5572F55}.Debug|Any CPU.ActiveCfg = Debug|Any CPU
		{6D4E4380-C91F-4CEF-84B5-A425F5572F55}.Debug|Any CPU.Build.0 = Debug|Any CPU
		{6D4E4380-C91F-4CEF-84B5-A425F5572F55}.Release|Any CPU.ActiveCfg = Release|Any CPU
		{6D4E4380-C91F-4CEF-84B5-A425F5572F55}.Release|Any CPU.Build.0 = Release|Any CPU
		{9F6F83C2-8279-441C-B08B-80373D9F2E00}.Debug|Any CPU.ActiveCfg = Debug|Any CPU
		{9F6F83C2-8279-441C-B08B-80373D9F2E00}.Debug|Any CPU.Build.0 = Debug|Any CPU
		{9F6F83C2-8279-441C-B08B-80373D9F2E00}.Release|Any CPU.ActiveCfg = Release|Any CPU
		{9F6F83C2-8279-441C-B08B-80373D9F2E00}.Release|Any CPU.Build.0 = Release|Any CPU
		{C151C55E-1C1C-4C82-8973-9AA395205921}.Debug|Any CPU.ActiveCfg = Debug|Any CPU
		{C151C55E-1C1C-4C82-8973-9AA395205921}.Debug|Any CPU.Build.0 = Debug|Any CPU
		{C151C55E-1C1C-4C82-8973-9AA395205921}.Release|Any CPU.ActiveCfg = Release|Any CPU
		{C151C55E-1C1C-4C82-8973-9AA395205921}.Release|Any CPU.Build.0 = Release|Any CPU
		{D7100643-D970-4DE7-97D8-F78DBA95952A}.Debug|Any CPU.ActiveCfg = Debug|Any CPU
		{D7100643-D970-4DE7-97D8-F78DBA95952A}.Debug|Any CPU.Build.0 = Debug|Any CPU
		{D7100643-D970-4DE7-97D8-F78DBA95952A}.Release|Any CPU.ActiveCfg = Release|Any CPU
		{D7100643-D970-4DE7-97D8-F78DBA95952A}.Release|Any CPU.Build.0 = Release|Any CPU
		{4A81ABC0-55CA-46FB-8F22-7452253ED864}.Debug|Any CPU.ActiveCfg = Debug|Any CPU
		{4A81ABC0-55CA-46FB-8F22-7452253ED864}.Debug|Any CPU.Build.0 = Debug|Any CPU
		{4A81ABC0-55CA-46FB-8F22-7452253ED864}.Release|Any CPU.ActiveCfg = Release|Any CPU
		{4A81ABC0-55CA-46FB-8F22-7452253ED864}.Release|Any CPU.Build.0 = Release|Any CPU
	EndGlobalSection
	GlobalSection(SolutionProperties) = preSolution
		HideSolutionNode = FALSE
	EndGlobalSection
EndGlobal
